
Microsoft Visual Studio Solution File, Format Version 12.00
# Visual Studio Version 16
VisualStudioVersion = 16.0.32901.82
MinimumVisualStudioVersion = 10.0.40219.1
Project("{FAE04EC0-301F-11D3-BF4B-00C04F79EFBC}") = "931921.solomin.dmitrii.lab12", "931921.solomin.dmitrii.lab12\931921.solomin.dmitrii.lab12.csproj", "{1489E909-F023-4505-8FE8-115C0858B330}"
EndProject
Global
	GlobalSection(SolutionConfigurationPlatforms) = preSolution
		Debug|Any CPU = Debug|Any CPU
		Release|Any CPU = Release|Any CPU
	EndGlobalSection
	GlobalSection(ProjectConfigurationPlatforms) = postSolution
		{1489E909-F023-4505-8FE8-115C0858B330}.Debug|Any CPU.ActiveCfg = Debug|Any CPU
		{1489E909-F023-4505-8FE8-115C0858B330}.Debug|Any CPU.Build.0 = Debug|Any CPU
		{1489E909-F023-4505-8FE8-115C0858B330}.Release|Any CPU.ActiveCfg = Release|Any CPU
		{1489E909-F023-4505-8FE8-115C0858B330}.Release|Any CPU.Build.0 = Release|Any CPU
	EndGlobalSection
	GlobalSection(SolutionProperties) = preSolution
		HideSolutionNode = FALSE
	EndGlobalSection
	GlobalSection(ExtensibilityGlobals) = postSolution
		SolutionGuid = {82812DD0-706E-482F-8B91-BB50D57BA397}
	EndGlobalSection
EndGlobal
